
Microsoft Visual Studio Solution File, Format Version 12.00
# Visual Studio 15
VisualStudioVersion = 15.0.26730.15
MinimumVisualStudioVersion = 10.0.40219.1
Project("{FAE04EC0-301F-11D3-BF4B-00C04F79EFBC}") = "Crawler,Core", "Crawler,Core\Crawler,Core.csproj", "{F65A7E3D-1ACE-4775-8DBF-280B74E1DE9E}"
EndProject
Project("{FAE04EC0-301F-11D3-BF4B-00C04F79EFBC}") = "Crawler.Console", "Crawler.Console\Crawler.Console.csproj", "{05C20F0D-4C5E-492A-85F4-D29B4F0CEA99}"
EndProject
Global
	GlobalSection(SolutionConfigurationPlatforms) = preSolution
		Debug|Any CPU = Debug|Any CPU
		Release|Any CPU = Release|Any CPU
	EndGlobalSection
	GlobalSection(ProjectConfigurationPlatforms) = postSolution
		{F65A7E3D-1ACE-4775-8DBF-280B74E1DE9E}.Debug|Any CPU.ActiveCfg = Debug|Any CPU
		{F65A7E3D-1ACE-4775-8DBF-280B74E1DE9E}.Debug|Any CPU.Build.0 = Debug|Any CPU
		{F65A7E3D-1ACE-4775-8DBF-280B74E1DE9E}.Release|Any CPU.ActiveCfg = Release|Any CPU
		{F65A7E3D-1ACE-4775-8DBF-280B74E1DE9E}.Release|Any CPU.Build.0 = Release|Any CPU
		{05C20F0D-4C5E-492A-85F4-D29B4F0CEA99}.Debug|Any CPU.ActiveCfg = Debug|Any CPU
		{05C20F0D-4C5E-492A-85F4-D29B4F0CEA99}.Debug|Any CPU.Build.0 = Debug|Any CPU
		{05C20F0D-4C5E-492A-85F4-D29B4F0CEA99}.Release|Any CPU.ActiveCfg = Release|Any CPU
		{05C20F0D-4C5E-492A-85F4-D29B4F0CEA99}.Release|Any CPU.Build.0 = Release|Any CPU
	EndGlobalSection
	GlobalSection(SolutionProperties) = preSolution
		HideSolutionNode = FALSE
	EndGlobalSection
	GlobalSection(ExtensibilityGlobals) = postSolution
		SolutionGuid = {BCBE645D-8799-42BF-9A87-654E78F7C404}
	EndGlobalSection
EndGlobal
